
Microsoft Visual Studio Solution File, Format Version 12.00
# Visual Studio Version 17
VisualStudioVersion = 17.10.35027.167
MinimumVisualStudioVersion = 10.0.40219.1
Project("{FAE04EC0-301F-11D3-BF4B-00C04F79EFBC}") = "Home's Pizzaria", "Home's Pizzaria\Home's Pizzaria.csproj", "{A3C235D5-B16A-4803-B6D1-839C8846F0CC}"
EndProject
Global
	GlobalSection(SolutionConfigurationPlatforms) = preSolution
		Debug|Any CPU = Debug|Any CPU
		Release|Any CPU = Release|Any CPU
	EndGlobalSection
	GlobalSection(ProjectConfigurationPlatforms) = postSolution
		{A3C235D5-B16A-4803-B6D1-839C8846F0CC}.Debug|Any CPU.ActiveCfg = Debug|Any CPU
		{A3C235D5-B16A-4803-B6D1-839C8846F0CC}.Debug|Any CPU.Build.0 = Debug|Any CPU
		{A3C235D5-B16A-4803-B6D1-839C8846F0CC}.Release|Any CPU.ActiveCfg = Release|Any CPU
		{A3C235D5-B16A-4803-B6D1-839C8846F0CC}.Release|Any CPU.Build.0 = Release|Any CPU
	EndGlobalSection
	GlobalSection(SolutionProperties) = preSolution
		HideSolutionNode = FALSE
	EndGlobalSection
	GlobalSection(ExtensibilityGlobals) = postSolution
		SolutionGuid = {DF30DD72-6EE8-4868-A184-A0E32C80AAC1}
	EndGlobalSection
EndGlobal
